
Microsoft Visual Studio Solution File, Format Version 12.00
# Visual Studio Version 17
VisualStudioVersion = 17.9.34622.214
MinimumVisualStudioVersion = 10.0.40219.1
Project("{9A19103F-16F7-4668-BE54-9A1E7A4F7556}") = "CountryDictionaryApiApp", "CountryDictionaryApiApp\CountryDictionaryApiApp.csproj", "{E5BFD1B8-72C9-42A5-9349-9C04A1FF2CD1}"
EndProject
Project("{E53339B2-1760-4266-BCC7-CA923CBCF16C}") = "docker-compose", "docker-compose.dcproj", "{3D50CA12-FCB0-45E1-BC71-B61B9CAA020C}"
EndProject
Global
	GlobalSection(SolutionConfigurationPlatforms) = preSolution
		Debug|Any CPU = Debug|Any CPU
		Release|Any CPU = Release|Any CPU
	EndGlobalSection
	GlobalSection(ProjectConfigurationPlatforms) = postSolution
		{E5BFD1B8-72C9-42A5-9349-9C04A1FF2CD1}.Debug|Any CPU.ActiveCfg = Debug|Any CPU
		{E5BFD1B8-72C9-42A5-9349-9C04A1FF2CD1}.Debug|Any CPU.Build.0 = Debug|Any CPU
		{E5BFD1B8-72C9-42A5-9349-9C04A1FF2CD1}.Release|Any CPU.ActiveCfg = Release|Any CPU
		{E5BFD1B8-72C9-42A5-9349-9C04A1FF2CD1}.Release|Any CPU.Build.0 = Release|Any CPU
		{3D50CA12-FCB0-45E1-BC71-B61B9CAA020C}.Debug|Any CPU.ActiveCfg = Debug|Any CPU
		{3D50CA12-FCB0-45E1-BC71-B61B9CAA020C}.Debug|Any CPU.Build.0 = Debug|Any CPU
		{3D50CA12-FCB0-45E1-BC71-B61B9CAA020C}.Release|Any CPU.ActiveCfg = Release|Any CPU
		{3D50CA12-FCB0-45E1-BC71-B61B9CAA020C}.Release|Any CPU.Build.0 = Release|Any CPU
	EndGlobalSection
	GlobalSection(SolutionProperties) = preSolution
		HideSolutionNode = FALSE
	EndGlobalSection
	GlobalSection(ExtensibilityGlobals) = postSolution
		SolutionGuid = {BAF71DF8-FB68-4207-9877-FF80E08A695D}
	EndGlobalSection
EndGlobal
